
Microsoft Visual Studio Solution File, Format Version 11.00
# Visual Studio 2010
Project("{FAE04EC0-301F-11D3-BF4B-00C04F79EFBC}") = "UnityEngine.TestRunner", "UnityEngine.TestRunner.csproj", "{76899d75-97ee-444e-225c-8a6ce0308151}"
EndProject
Project("{FAE04EC0-301F-11D3-BF4B-00C04F79EFBC}") = "UnityEngine.UI", "UnityEngine.UI.csproj", "{d91d8bfa-5ee3-eee4-84e4-932721d05c34}"
EndProject
Project("{FAE04EC0-301F-11D3-BF4B-00C04F79EFBC}") = "Unity.VisualScripting.Flow", "Unity.VisualScripting.Flow.csproj", "{6947fe0e-60bb-e971-69c8-4a9fe190d563}"
EndProject
Project("{FAE04EC0-301F-11D3-BF4B-00C04F79EFBC}") = "Unity.Services.Core.Telemetry", "Unity.Services.Core.Telemetry.csproj", "{e10dce76-d0a6-f214-4d70-587565a3aa12}"
EndProject
Project("{FAE04EC0-301F-11D3-BF4B-00C04F79EFBC}") = "Unity.VisualScripting.State", "Unity.VisualScripting.State.csproj", "{019dfbde-2843-d443-d4db-0bdb5cf1278d}"
EndProject
Project("{FAE04EC0-301F-11D3-BF4B-00C04F79EFBC}") = "Unity.VisualScripting.Core", "Unity.VisualScripting.Core.csproj", "{3516736b-68d9-a774-6923-fd509c8b76f1}"
EndProject
Project("{FAE04EC0-301F-11D3-BF4B-00C04F79EFBC}") = "Unity.Services.Core.Environments.Internal", "Unity.Services.Core.Environments.Internal.csproj", "{56f386a2-bca9-0e15-e7cd-b4d156ccfe8f}"
EndProject
Project("{FAE04EC0-301F-11D3-BF4B-00C04F79EFBC}") = "Unity.TextMeshPro", "Unity.TextMeshPro.csproj", "{e7c46f91-5051-4953-2b97-926e754ad295}"
EndProject
Project("{FAE04EC0-301F-11D3-BF4B-00C04F79EFBC}") = "Unity.Timeline", "Unity.Timeline.csproj", "{59e2c8c7-bbdb-7492-5e09-1e7ff234605c}"
EndProject
Project("{FAE04EC0-301F-11D3-BF4B-00C04F79EFBC}") = "Unity.Services.Core", "Unity.Services.Core.csproj", "{9f518add-3d4e-a245-a271-3688b9989ab3}"
EndProject
Project("{FAE04EC0-301F-11D3-BF4B-00C04F79EFBC}") = "Unity.Services.Core.Environments", "Unity.Services.Core.Environments.csproj", "{c600ae4d-f595-2d2b-dbfd-1c1b04d462c0}"
EndProject
Project("{FAE04EC0-301F-11D3-BF4B-00C04F79EFBC}") = "Unity.Services.Core.Internal", "Unity.Services.Core.Internal.csproj", "{599af949-ac2b-9f7c-9bab-d0d4035b57ad}"
EndProject
Project("{FAE04EC0-301F-11D3-BF4B-00C04F79EFBC}") = "Unity.Services.Core.Analytics", "Unity.Services.Core.Analytics.csproj", "{aa9a181d-0333-50e9-f7e1-1723f7c1704f}"
EndProject
Project("{FAE04EC0-301F-11D3-BF4B-00C04F79EFBC}") = "Unity.Services.Core.Scheduler", "Unity.Services.Core.Scheduler.csproj", "{e5d1bea1-8468-9af5-c438-32ac5c65f7bb}"
EndProject
Project("{FAE04EC0-301F-11D3-BF4B-00C04F79EFBC}") = "Unity.Services.Core.Registration", "Unity.Services.Core.Registration.csproj", "{2467ac87-364f-abb4-7259-7390b66c3d54}"
EndProject
Project("{FAE04EC0-301F-11D3-BF4B-00C04F79EFBC}") = "Unity.Services.Core.Device", "Unity.Services.Core.Device.csproj", "{fb27bea0-6b6c-5311-23a4-f76c6db37654}"
EndProject
Project("{FAE04EC0-301F-11D3-BF4B-00C04F79EFBC}") = "Unity.Services.Core.Threading", "Unity.Services.Core.Threading.csproj", "{fa750e74-e188-0b67-65ea-10232d84ce1a}"
EndProject
Project("{FAE04EC0-301F-11D3-BF4B-00C04F79EFBC}") = "Unity.Services.Core.Networking", "Unity.Services.Core.Networking.csproj", "{62baf88b-ef7f-95fe-bb32-774d4a777846}"
EndProject
Project("{FAE04EC0-301F-11D3-BF4B-00C04F79EFBC}") = "Unity.Services.Core.Configuration", "Unity.Services.Core.Configuration.csproj", "{ae0fc321-0d5c-81ea-b491-534b9c9a2763}"
EndProject
Project("{FAE04EC0-301F-11D3-BF4B-00C04F79EFBC}") = "Unity.PlasticSCM.Editor", "Unity.PlasticSCM.Editor.csproj", "{8322b53b-a979-e506-53f9-cd1f48c9be8f}"
EndProject
Project("{FAE04EC0-301F-11D3-BF4B-00C04F79EFBC}") = "Unity.VisualScripting.Core.Editor", "Unity.VisualScripting.Core.Editor.csproj", "{adf742c6-b80f-d15d-6ad2-699cba6f403c}"
EndProject
Project("{FAE04EC0-301F-11D3-BF4B-00C04F79EFBC}") = "Unity.VisualScripting.Flow.Editor", "Unity.VisualScripting.Flow.Editor.csproj", "{ebf421a1-0227-2784-3af9-e1cf45d5781c}"
EndProject
Project("{FAE04EC0-301F-11D3-BF4B-00C04F79EFBC}") = "Unity.VisualStudio.Editor", "Unity.VisualStudio.Editor.csproj", "{9076c67e-50c0-e43a-e60d-9b34668150e4}"
EndProject
Project("{FAE04EC0-301F-11D3-BF4B-00C04F79EFBC}") = "Unity.Timeline.Editor", "Unity.Timeline.Editor.csproj", "{d7055c60-096f-9e9d-6afb-41df83431129}"
EndProject
Project("{FAE04EC0-301F-11D3-BF4B-00C04F79EFBC}") = "Unity.VisualScripting.State.Editor", "Unity.VisualScripting.State.Editor.csproj", "{b464f563-cd02-af87-3725-ee11c37f5f09}"
EndProject
Project("{FAE04EC0-301F-11D3-BF4B-00C04F79EFBC}") = "Unity.TextMeshPro.Editor", "Unity.TextMeshPro.Editor.csproj", "{c0acf640-232d-45d0-3f02-02bdb00b08aa}"
EndProject
Project("{FAE04EC0-301F-11D3-BF4B-00C04F79EFBC}") = "Unity.VisualScripting.SettingsProvider.Editor", "Unity.VisualScripting.SettingsProvider.Editor.csproj", "{68c4d16f-996e-a9c9-f2af-2de854181582}"
EndProject
Project("{FAE04EC0-301F-11D3-BF4B-00C04F79EFBC}") = "Unity.CollabProxy.Editor", "Unity.CollabProxy.Editor.csproj", "{314ac827-22af-06cc-eb5c-291aacc7b4cc}"
EndProject
Project("{FAE04EC0-301F-11D3-BF4B-00C04F79EFBC}") = "UnityEditor.TestRunner", "UnityEditor.TestRunner.csproj", "{fbcca82a-c4c7-8e4f-ec92-75265d8ae9f4}"
EndProject
Project("{FAE04EC0-301F-11D3-BF4B-00C04F79EFBC}") = "Unity.Services.Core.Editor", "Unity.Services.Core.Editor.csproj", "{4c385c70-d2ca-b3b4-9124-45be1940cea8}"
EndProject
Project("{FAE04EC0-301F-11D3-BF4B-00C04F79EFBC}") = "Unity.TestTools.CodeCoverage.Editor", "Unity.TestTools.CodeCoverage.Editor.csproj", "{240f9629-6cc0-ce2b-df0b-608d24470f63}"
EndProject
Project("{FAE04EC0-301F-11D3-BF4B-00C04F79EFBC}") = "Unity.Rider.Editor", "Unity.Rider.Editor.csproj", "{9bb6a9cd-ca8a-355d-f6a4-80f69ae724d8}"
EndProject
Project("{FAE04EC0-301F-11D3-BF4B-00C04F79EFBC}") = "Unity.Performance.Profile-Analyzer.Editor", "Unity.Performance.Profile-Analyzer.Editor.csproj", "{8ee169d7-3043-ba1e-e1fc-f98372090e60}"
EndProject
Project("{FAE04EC0-301F-11D3-BF4B-00C04F79EFBC}") = "Unity.VSCode.Editor", "Unity.VSCode.Editor.csproj", "{bbf777b9-ea21-e137-8776-3b239ef89f3c}"
EndProject
Project("{FAE04EC0-301F-11D3-BF4B-00C04F79EFBC}") = "UnityEditor.UI", "UnityEditor.UI.csproj", "{34592482-5683-5ac7-322e-45ebfc4c166d}"
EndProject
Project("{FAE04EC0-301F-11D3-BF4B-00C04F79EFBC}") = "Unity.TestTools.CodeCoverage.Editor.OpenCover.Model", "Unity.TestTools.CodeCoverage.Editor.OpenCover.Model.csproj", "{9bf55f56-9960-ce9c-906b-332ea062ee40}"
EndProject
Project("{FAE04EC0-301F-11D3-BF4B-00C04F79EFBC}") = "Unity.EditorCoroutines.Editor", "Unity.EditorCoroutines.Editor.csproj", "{270e0139-83e1-6f23-ffdd-dd3264472ebb}"
EndProject
Project("{FAE04EC0-301F-11D3-BF4B-00C04F79EFBC}") = "Unity.Settings.Editor", "Unity.Settings.Editor.csproj", "{7f61021f-c426-3a7a-3d4f-85db693cb8a1}"
EndProject
Project("{FAE04EC0-301F-11D3-BF4B-00C04F79EFBC}") = "Unity.Services.Core.Configuration.Editor", "Unity.Services.Core.Configuration.Editor.csproj", "{57b2a727-84e8-fe18-033a-be6581e2be94}"
EndProject
Project("{FAE04EC0-301F-11D3-BF4B-00C04F79EFBC}") = "Unity.TestTools.CodeCoverage.Editor.OpenCover.Mono.Reflection", "Unity.TestTools.CodeCoverage.Editor.OpenCover.Mono.Reflection.csproj", "{bf184ac1-6748-d9a2-b3d8-379f7f1727d3}"
EndProject
Project("{FAE04EC0-301F-11D3-BF4B-00C04F79EFBC}") = "Unity.VisualScripting.Shared.Editor", "Unity.VisualScripting.Shared.Editor.csproj", "{5177cdf3-dd19-339a-7241-19d0723e8876}"
EndProject
Project("{FAE04EC0-301F-11D3-BF4B-00C04F79EFBC}") = "Assembly-CSharp-Editor", "Assembly-CSharp-Editor.csproj", "{f316e842-93a8-bddc-0d02-657125312cb4}"
EndProject
Global
	GlobalSection(SolutionConfigurationPlatforms) = preSolution
		Debug|Any CPU = Debug|Any CPU
	EndGlobalSection
	GlobalSection(ProjectConfigurationPlatforms) = postSolution
		{76899d75-97ee-444e-225c-8a6ce0308151}.Debug|Any CPU.ActiveCfg = Debug|Any CPU
		{76899d75-97ee-444e-225c-8a6ce0308151}.Debug|Any CPU.Build.0 = Debug|Any CPU
		{d91d8bfa-5ee3-eee4-84e4-932721d05c34}.Debug|Any CPU.ActiveCfg = Debug|Any CPU
		{d91d8bfa-5ee3-eee4-84e4-932721d05c34}.Debug|Any CPU.Build.0 = Debug|Any CPU
		{6947fe0e-60bb-e971-69c8-4a9fe190d563}.Debug|Any CPU.ActiveCfg = Debug|Any CPU
		{6947fe0e-60bb-e971-69c8-4a9fe190d563}.Debug|Any CPU.Build.0 = Debug|Any CPU
		{e10dce76-d0a6-f214-4d70-587565a3aa12}.Debug|Any CPU.ActiveCfg = Debug|Any CPU
		{e10dce76-d0a6-f214-4d70-587565a3aa12}.Debug|Any CPU.Build.0 = Debug|Any CPU
		{019dfbde-2843-d443-d4db-0bdb5cf1278d}.Debug|Any CPU.ActiveCfg = Debug|Any CPU
		{019dfbde-2843-d443-d4db-0bdb5cf1278d}.Debug|Any CPU.Build.0 = Debug|Any CPU
		{3516736b-68d9-a774-6923-fd509c8b76f1}.Debug|Any CPU.ActiveCfg = Debug|Any CPU
		{3516736b-68d9-a774-6923-fd509c8b76f1}.Debug|Any CPU.Build.0 = Debug|Any CPU
		{56f386a2-bca9-0e15-e7cd-b4d156ccfe8f}.Debug|Any CPU.ActiveCfg = Debug|Any CPU
		{56f386a2-bca9-0e15-e7cd-b4d156ccfe8f}.Debug|Any CPU.Build.0 = Debug|Any CPU
		{e7c46f91-5051-4953-2b97-926e754ad295}.Debug|Any CPU.ActiveCfg = Debug|Any CPU
		{e7c46f91-5051-4953-2b97-926e754ad295}.Debug|Any CPU.Build.0 = Debug|Any CPU
		{59e2c8c7-bbdb-7492-5e09-1e7ff234605c}.Debug|Any CPU.ActiveCfg = Debug|Any CPU
		{59e2c8c7-bbdb-7492-5e09-1e7ff234605c}.Debug|Any CPU.Build.0 = Debug|Any CPU
		{9f518add-3d4e-a245-a271-3688b9989ab3}.Debug|Any CPU.ActiveCfg = Debug|Any CPU
		{9f518add-3d4e-a245-a271-3688b9989ab3}.Debug|Any CPU.Build.0 = Debug|Any CPU
		{c600ae4d-f595-2d2b-dbfd-1c1b04d462c0}.Debug|Any CPU.ActiveCfg = Debug|Any CPU
		{c600ae4d-f595-2d2b-dbfd-1c1b04d462c0}.Debug|Any CPU.Build.0 = Debug|Any CPU
		{599af949-ac2b-9f7c-9bab-d0d4035b57ad}.Debug|Any CPU.ActiveCfg = Debug|Any CPU
		{599af949-ac2b-9f7c-9bab-d0d4035b57ad}.Debug|Any CPU.Build.0 = Debug|Any CPU
		{aa9a181d-0333-50e9-f7e1-1723f7c1704f}.Debug|Any CPU.ActiveCfg = Debug|Any CPU
		{aa9a181d-0333-50e9-f7e1-1723f7c1704f}.Debug|Any CPU.Build.0 = Debug|Any CPU
		{e5d1bea1-8468-9af5-c438-32ac5c65f7bb}.Debug|Any CPU.ActiveCfg = Debug|Any CPU
		{e5d1bea1-8468-9af5-c438-32ac5c65f7bb}.Debug|Any CPU.Build.0 = Debug|Any CPU
		{2467ac87-364f-abb4-7259-7390b66c3d54}.Debug|Any CPU.ActiveCfg = Debug|Any CPU
		{2467ac87-364f-abb4-7259-7390b66c3d54}.Debug|Any CPU.Build.0 = Debug|Any CPU
		{fb27bea0-6b6c-5311-23a4-f76c6db37654}.Debug|Any CPU.ActiveCfg = Debug|Any CPU
		{fb27bea0-6b6c-5311-23a4-f76c6db37654}.Debug|Any CPU.Build.0 = Debug|Any CPU
		{fa750e74-e188-0b67-65ea-10232d84ce1a}.Debug|Any CPU.ActiveCfg = Debug|Any CPU
		{fa750e74-e188-0b67-65ea-10232d84ce1a}.Debug|Any CPU.Build.0 = Debug|Any CPU
		{62baf88b-ef7f-95fe-bb32-774d4a777846}.Debug|Any CPU.ActiveCfg = Debug|Any CPU
		{62baf88b-ef7f-95fe-bb32-774d4a777846}.Debug|Any CPU.Build.0 = Debug|Any CPU
		{ae0fc321-0d5c-81ea-b491-534b9c9a2763}.Debug|Any CPU.ActiveCfg = Debug|Any CPU
		{ae0fc321-0d5c-81ea-b491-534b9c9a2763}.Debug|Any CPU.Build.0 = Debug|Any CPU
		{8322b53b-a979-e506-53f9-cd1f48c9be8f}.Debug|Any CPU.ActiveCfg = Debug|Any CPU
		{8322b53b-a979-e506-53f9-cd1f48c9be8f}.Debug|Any CPU.Build.0 = Debug|Any CPU
		{adf742c6-b80f-d15d-6ad2-699cba6f403c}.Debug|Any CPU.ActiveCfg = Debug|Any CPU
		{adf742c6-b80f-d15d-6ad2-699cba6f403c}.Debug|Any CPU.Build.0 = Debug|Any CPU
		{ebf421a1-0227-2784-3af9-e1cf45d5781c}.Debug|Any CPU.ActiveCfg = Debug|Any CPU
		{ebf421a1-0227-2784-3af9-e1cf45d5781c}.Debug|Any CPU.Build.0 = Debug|Any CPU
		{9076c67e-50c0-e43a-e60d-9b34668150e4}.Debug|Any CPU.ActiveCfg = Debug|Any CPU
		{9076c67e-50c0-e43a-e60d-9b34668150e4}.Debug|Any CPU.Build.0 = Debug|Any CPU
		{d7055c60-096f-9e9d-6afb-41df83431129}.Debug|Any CPU.ActiveCfg = Debug|Any CPU
		{d7055c60-096f-9e9d-6afb-41df83431129}.Debug|Any CPU.Build.0 = Debug|Any CPU
		{b464f563-cd02-af87-3725-ee11c37f5f09}.Debug|Any CPU.ActiveCfg = Debug|Any CPU
		{b464f563-cd02-af87-3725-ee11c37f5f09}.Debug|Any CPU.Build.0 = Debug|Any CPU
		{c0acf640-232d-45d0-3f02-02bdb00b08aa}.Debug|Any CPU.ActiveCfg = Debug|Any CPU
		{c0acf640-232d-45d0-3f02-02bdb00b08aa}.Debug|Any CPU.Build.0 = Debug|Any CPU
		{68c4d16f-996e-a9c9-f2af-2de854181582}.Debug|Any CPU.ActiveCfg = Debug|Any CPU
		{68c4d16f-996e-a9c9-f2af-2de854181582}.Debug|Any CPU.Build.0 = Debug|Any CPU
		{314ac827-22af-06cc-eb5c-291aacc7b4cc}.Debug|Any CPU.ActiveCfg = Debug|Any CPU
		{314ac827-22af-06cc-eb5c-291aacc7b4cc}.Debug|Any CPU.Build.0 = Debug|Any CPU
		{fbcca82a-c4c7-8e4f-ec92-75265d8ae9f4}.Debug|Any CPU.ActiveCfg = Debug|Any CPU
		{fbcca82a-c4c7-8e4f-ec92-75265d8ae9f4}.Debug|Any CPU.Build.0 = Debug|Any CPU
		{4c385c70-d2ca-b3b4-9124-45be1940cea8}.Debug|Any CPU.ActiveCfg = Debug|Any CPU
		{4c385c70-d2ca-b3b4-9124-45be1940cea8}.Debug|Any CPU.Build.0 = Debug|Any CPU
		{240f9629-6cc0-ce2b-df0b-608d24470f63}.Debug|Any CPU.ActiveCfg = Debug|Any CPU
		{240f9629-6cc0-ce2b-df0b-608d24470f63}.Debug|Any CPU.Build.0 = Debug|Any CPU
		{9bb6a9cd-ca8a-355d-f6a4-80f69ae724d8}.Debug|Any CPU.ActiveCfg = Debug|Any CPU
		{9bb6a9cd-ca8a-355d-f6a4-80f69ae724d8}.Debug|Any CPU.Build.0 = Debug|Any CPU
		{8ee169d7-3043-ba1e-e1fc-f98372090e60}.Debug|Any CPU.ActiveCfg = Debug|Any CPU
		{8ee169d7-3043-ba1e-e1fc-f98372090e60}.Debug|Any CPU.Build.0 = Debug|Any CPU
		{bbf777b9-ea21-e137-8776-3b239ef89f3c}.Debug|Any CPU.ActiveCfg = Debug|Any CPU
		{bbf777b9-ea21-e137-8776-3b239ef89f3c}.Debug|Any CPU.Build.0 = Debug|Any CPU
		{34592482-5683-5ac7-322e-45ebfc4c166d}.Debug|Any CPU.ActiveCfg = Debug|Any CPU
		{34592482-5683-5ac7-322e-45ebfc4c166d}.Debug|Any CPU.Build.0 = Debug|Any CPU
		{9bf55f56-9960-ce9c-906b-332ea062ee40}.Debug|Any CPU.ActiveCfg = Debug|Any CPU
		{9bf55f56-9960-ce9c-906b-332ea062ee40}.Debug|Any CPU.Build.0 = Debug|Any CPU
		{270e0139-83e1-6f23-ffdd-dd3264472ebb}.Debug|Any CPU.ActiveCfg = Debug|Any CPU
		{270e0139-83e1-6f23-ffdd-dd3264472ebb}.Debug|Any CPU.Build.0 = Debug|Any CPU
		{7f61021f-c426-3a7a-3d4f-85db693cb8a1}.Debug|Any CPU.ActiveCfg = Debug|Any CPU
		{7f61021f-c426-3a7a-3d4f-85db693cb8a1}.Debug|Any CPU.Build.0 = Debug|Any CPU
		{57b2a727-84e8-fe18-033a-be6581e2be94}.Debug|Any CPU.ActiveCfg = Debug|Any CPU
		{57b2a727-84e8-fe18-033a-be6581e2be94}.Debug|Any CPU.Build.0 = Debug|Any CPU
		{bf184ac1-6748-d9a2-b3d8-379f7f1727d3}.Debug|Any CPU.ActiveCfg = Debug|Any CPU
		{bf184ac1-6748-d9a2-b3d8-379f7f1727d3}.Debug|Any CPU.Build.0 = Debug|Any CPU
		{5177cdf3-dd19-339a-7241-19d0723e8876}.Debug|Any CPU.ActiveCfg = Debug|Any CPU
		{5177cdf3-dd19-339a-7241-19d0723e8876}.Debug|Any CPU.Build.0 = Debug|Any CPU
		{f316e842-93a8-bddc-0d02-657125312cb4}.Debug|Any CPU.ActiveCfg = Debug|Any CPU
		{f316e842-93a8-bddc-0d02-657125312cb4}.Debug|Any CPU.Build.0 = Debug|Any CPU
	EndGlobalSection
	GlobalSection(SolutionProperties) = preSolution
		HideSolutionNode = FALSE
	EndGlobalSection
EndGlobal
